
Microsoft Visual Studio Solution File, Format Version 12.00
# Visual Studio Version 16
VisualStudioVersion = 16.0.30621.155
MinimumVisualStudioVersion = 10.0.40219.1
Project("{FAE04EC0-301F-11D3-BF4B-00C04F79EFBC}") = "PrayPal.Android", "4J\4J.Android\PrayPal.Android.csproj", "{63459557-CC5A-4F8D-977D-1CE7D5D8E8A5}"
EndProject
Project("{FAE04EC0-301F-11D3-BF4B-00C04F79EFBC}") = "4J.iOS", "4J\4J.iOS\4J.iOS.csproj", "{CECFF92E-EEAB-4A64-B643-C135F08D298D}"
EndProject
Project("{9A19103F-16F7-4668-BE54-9A1E7A4F7556}") = "PrayPal.App", "4J\4J\PrayPal.App.csproj", "{2C8A3180-C3AA-4ACB-A4F6-E816FB461FFE}"
EndProject
Project("{9A19103F-16F7-4668-BE54-9A1E7A4F7556}") = "PrayPal.Common", "App4J.Common\PrayPal.Common.csproj", "{906D509E-2B32-4D06-807A-700ED2B93822}"
EndProject
Project("{9A19103F-16F7-4668-BE54-9A1E7A4F7556}") = "Zmanim", "Zmanim\Zmanim.csproj", "{AFF774EF-45AE-4204-B12B-91099E27B8DE}"
EndProject
Project("{2150E333-8FDC-42A3-9474-1A3956D46DE8}") = "Tests", "Tests", "{E158DD27-2928-46CA-BF7E-45632B236084}"
EndProject
Project("{FAE04EC0-301F-11D3-BF4B-00C04F79EFBC}") = "Tests.PrayPal.Content", "Tests\PrayPal.ContentTests\Tests.PrayPal.Content.csproj", "{E7A4E481-1840-4216-AB3D-150D4B5895D9}"
EndProject
Global
	GlobalSection(SolutionConfigurationPlatforms) = preSolution
		Debug|Any CPU = Debug|Any CPU
		Debug|iPhone = Debug|iPhone
		Debug|iPhoneSimulator = Debug|iPhoneSimulator
		Release|Any CPU = Release|Any CPU
		Release|iPhone = Release|iPhone
		Release|iPhoneSimulator = Release|iPhoneSimulator
	EndGlobalSection
	GlobalSection(ProjectConfigurationPlatforms) = postSolution
		{63459557-CC5A-4F8D-977D-1CE7D5D8E8A5}.Debug|Any CPU.ActiveCfg = Debug|Any CPU
		{63459557-CC5A-4F8D-977D-1CE7D5D8E8A5}.Debug|Any CPU.Build.0 = Debug|Any CPU
		{63459557-CC5A-4F8D-977D-1CE7D5D8E8A5}.Debug|Any CPU.Deploy.0 = Debug|Any CPU
		{63459557-CC5A-4F8D-977D-1CE7D5D8E8A5}.Debug|iPhone.ActiveCfg = Debug|Any CPU
		{63459557-CC5A-4F8D-977D-1CE7D5D8E8A5}.Debug|iPhone.Build.0 = Debug|Any CPU
		{63459557-CC5A-4F8D-977D-1CE7D5D8E8A5}.Debug|iPhone.Deploy.0 = Debug|Any CPU
		{63459557-CC5A-4F8D-977D-1CE7D5D8E8A5}.Debug|iPhoneSimulator.ActiveCfg = Debug|Any CPU
		{63459557-CC5A-4F8D-977D-1CE7D5D8E8A5}.Debug|iPhoneSimulator.Build.0 = Debug|Any CPU
		{63459557-CC5A-4F8D-977D-1CE7D5D8E8A5}.Debug|iPhoneSimulator.Deploy.0 = Debug|Any CPU
		{63459557-CC5A-4F8D-977D-1CE7D5D8E8A5}.Release|Any CPU.ActiveCfg = Release|Any CPU
		{63459557-CC5A-4F8D-977D-1CE7D5D8E8A5}.Release|Any CPU.Build.0 = Release|Any CPU
		{63459557-CC5A-4F8D-977D-1CE7D5D8E8A5}.Release|Any CPU.Deploy.0 = Release|Any CPU
		{63459557-CC5A-4F8D-977D-1CE7D5D8E8A5}.Release|iPhone.ActiveCfg = Release|Any CPU
		{63459557-CC5A-4F8D-977D-1CE7D5D8E8A5}.Release|iPhone.Build.0 = Release|Any CPU
		{63459557-CC5A-4F8D-977D-1CE7D5D8E8A5}.Release|iPhone.Deploy.0 = Release|Any CPU
		{63459557-CC5A-4F8D-977D-1CE7D5D8E8A5}.Release|iPhoneSimulator.ActiveCfg = Release|Any CPU
		{63459557-CC5A-4F8D-977D-1CE7D5D8E8A5}.Release|iPhoneSimulator.Build.0 = Release|Any CPU
		{63459557-CC5A-4F8D-977D-1CE7D5D8E8A5}.Release|iPhoneSimulator.Deploy.0 = Release|Any CPU
		{CECFF92E-EEAB-4A64-B643-C135F08D298D}.Debug|Any CPU.ActiveCfg = Debug|iPhone
		{CECFF92E-EEAB-4A64-B643-C135F08D298D}.Debug|Any CPU.Build.0 = Debug|iPhone
		{CECFF92E-EEAB-4A64-B643-C135F08D298D}.Debug|Any CPU.Deploy.0 = Debug|iPhone
		{CECFF92E-EEAB-4A64-B643-C135F08D298D}.Debug|iPhone.ActiveCfg = Debug|iPhone
		{CECFF92E-EEAB-4A64-B643-C135F08D298D}.Debug|iPhone.Build.0 = Debug|iPhone
		{CECFF92E-EEAB-4A64-B643-C135F08D298D}.Debug|iPhone.Deploy.0 = Debug|iPhone
		{CECFF92E-EEAB-4A64-B643-C135F08D298D}.Debug|iPhoneSimulator.ActiveCfg = Debug|iPhoneSimulator
		{CECFF92E-EEAB-4A64-B643-C135F08D298D}.Debug|iPhoneSimulator.Build.0 = Debug|iPhoneSimulator
		{CECFF92E-EEAB-4A64-B643-C135F08D298D}.Debug|iPhoneSimulator.Deploy.0 = Debug|iPhoneSimulator
		{CECFF92E-EEAB-4A64-B643-C135F08D298D}.Release|Any CPU.ActiveCfg = Release|iPhoneSimulator
		{CECFF92E-EEAB-4A64-B643-C135F08D298D}.Release|Any CPU.Build.0 = Release|iPhoneSimulator
		{CECFF92E-EEAB-4A64-B643-C135F08D298D}.Release|Any CPU.Deploy.0 = Release|iPhoneSimulator
		{CECFF92E-EEAB-4A64-B643-C135F08D298D}.Release|iPhone.ActiveCfg = Release|iPhone
		{CECFF92E-EEAB-4A64-B643-C135F08D298D}.Release|iPhone.Build.0 = Release|iPhone
		{CECFF92E-EEAB-4A64-B643-C135F08D298D}.Release|iPhone.Deploy.0 = Release|iPhone
		{CECFF92E-EEAB-4A64-B643-C135F08D298D}.Release|iPhoneSimulator.ActiveCfg = Release|iPhoneSimulator
		{CECFF92E-EEAB-4A64-B643-C135F08D298D}.Release|iPhoneSimulator.Build.0 = Release|iPhoneSimulator
		{CECFF92E-EEAB-4A64-B643-C135F08D298D}.Release|iPhoneSimulator.Deploy.0 = Release|iPhoneSimulator
		{2C8A3180-C3AA-4ACB-A4F6-E816FB461FFE}.Debug|Any CPU.ActiveCfg = Debug|Any CPU
		{2C8A3180-C3AA-4ACB-A4F6-E816FB461FFE}.Debug|Any CPU.Build.0 = Debug|Any CPU
		{2C8A3180-C3AA-4ACB-A4F6-E816FB461FFE}.Debug|Any CPU.Deploy.0 = Debug|Any CPU
		{2C8A3180-C3AA-4ACB-A4F6-E816FB461FFE}.Debug|iPhone.ActiveCfg = Debug|Any CPU
		{2C8A3180-C3AA-4ACB-A4F6-E816FB461FFE}.Debug|iPhone.Build.0 = Debug|Any CPU
		{2C8A3180-C3AA-4ACB-A4F6-E816FB461FFE}.Debug|iPhone.Deploy.0 = Debug|Any CPU
		{2C8A3180-C3AA-4ACB-A4F6-E816FB461FFE}.Debug|iPhoneSimulator.ActiveCfg = Debug|Any CPU
		{2C8A3180-C3AA-4ACB-A4F6-E816FB461FFE}.Debug|iPhoneSimulator.Build.0 = Debug|Any CPU
		{2C8A3180-C3AA-4ACB-A4F6-E816FB461FFE}.Debug|iPhoneSimulator.Deploy.0 = Debug|Any CPU
		{2C8A3180-C3AA-4ACB-A4F6-E816FB461FFE}.Release|Any CPU.ActiveCfg = Release|Any CPU
		{2C8A3180-C3AA-4ACB-A4F6-E816FB461FFE}.Release|Any CPU.Build.0 = Release|Any CPU
		{2C8A3180-C3AA-4ACB-A4F6-E816FB461FFE}.Release|Any CPU.Deploy.0 = Release|Any CPU
		{2C8A3180-C3AA-4ACB-A4F6-E816FB461FFE}.Release|iPhone.ActiveCfg = Release|Any CPU
		{2C8A3180-C3AA-4ACB-A4F6-E816FB461FFE}.Release|iPhone.Build.0 = Release|Any CPU
		{2C8A3180-C3AA-4ACB-A4F6-E816FB461FFE}.Release|iPhone.Deploy.0 = Release|Any CPU
		{2C8A3180-C3AA-4ACB-A4F6-E816FB461FFE}.Release|iPhoneSimulator.ActiveCfg = Release|Any CPU
		{2C8A3180-C3AA-4ACB-A4F6-E816FB461FFE}.Release|iPhoneSimulator.Build.0 = Release|Any CPU
		{2C8A3180-C3AA-4ACB-A4F6-E816FB461FFE}.Release|iPhoneSimulator.Deploy.0 = Release|Any CPU
		{906D509E-2B32-4D06-807A-700ED2B93822}.Debug|Any CPU.ActiveCfg = Debug|Any CPU
		{906D509E-2B32-4D06-807A-700ED2B93822}.Debug|Any CPU.Build.0 = Debug|Any CPU
		{906D509E-2B32-4D06-807A-700ED2B93822}.Debug|iPhone.ActiveCfg = Debug|Any CPU
		{906D509E-2B32-4D06-807A-700ED2B93822}.Debug|iPhone.Build.0 = Debug|Any CPU
		{906D509E-2B32-4D06-807A-700ED2B93822}.Debug|iPhoneSimulator.ActiveCfg = Debug|Any CPU
		{906D509E-2B32-4D06-807A-700ED2B93822}.Debug|iPhoneSimulator.Build.0 = Debug|Any CPU
		{906D509E-2B32-4D06-807A-700ED2B93822}.Release|Any CPU.ActiveCfg = Release|Any CPU
		{906D509E-2B32-4D06-807A-700ED2B93822}.Release|Any CPU.Build.0 = Release|Any CPU
		{906D509E-2B32-4D06-807A-700ED2B93822}.Release|iPhone.ActiveCfg = Release|Any CPU
		{906D509E-2B32-4D06-807A-700ED2B93822}.Release|iPhone.Build.0 = Release|Any CPU
		{906D509E-2B32-4D06-807A-700ED2B93822}.Release|iPhoneSimulator.ActiveCfg = Release|Any CPU
		{906D509E-2B32-4D06-807A-700ED2B93822}.Release|iPhoneSimulator.Build.0 = Release|Any CPU
		{AFF774EF-45AE-4204-B12B-91099E27B8DE}.Debug|Any CPU.ActiveCfg = Debug|Any CPU
		{AFF774EF-45AE-4204-B12B-91099E27B8DE}.Debug|Any CPU.Build.0 = Debug|Any CPU
		{AFF774EF-45AE-4204-B12B-91099E27B8DE}.Debug|iPhone.ActiveCfg = Debug|Any CPU
		{AFF774EF-45AE-4204-B12B-91099E27B8DE}.Debug|iPhone.Build.0 = Debug|Any CPU
		{AFF774EF-45AE-4204-B12B-91099E27B8DE}.Debug|iPhoneSimulator.ActiveCfg = Debug|Any CPU
		{AFF774EF-45AE-4204-B12B-91099E27B8DE}.Debug|iPhoneSimulator.Build.0 = Debug|Any CPU
		{AFF774EF-45AE-4204-B12B-91099E27B8DE}.Release|Any CPU.ActiveCfg = Release|Any CPU
		{AFF774EF-45AE-4204-B12B-91099E27B8DE}.Release|Any CPU.Build.0 = Release|Any CPU
		{AFF774EF-45AE-4204-B12B-91099E27B8DE}.Release|iPhone.ActiveCfg = Release|Any CPU
		{AFF774EF-45AE-4204-B12B-91099E27B8DE}.Release|iPhone.Build.0 = Release|Any CPU
		{AFF774EF-45AE-4204-B12B-91099E27B8DE}.Release|iPhoneSimulator.ActiveCfg = Release|Any CPU
		{AFF774EF-45AE-4204-B12B-91099E27B8DE}.Release|iPhoneSimulator.Build.0 = Release|Any CPU
		{E7A4E481-1840-4216-AB3D-150D4B5895D9}.Debug|Any CPU.ActiveCfg = Debug|Any CPU
		{E7A4E481-1840-4216-AB3D-150D4B5895D9}.Debug|Any CPU.Build.0 = Debug|Any CPU
		{E7A4E481-1840-4216-AB3D-150D4B5895D9}.Debug|iPhone.ActiveCfg = Debug|Any CPU
		{E7A4E481-1840-4216-AB3D-150D4B5895D9}.Debug|iPhone.Build.0 = Debug|Any CPU
		{E7A4E481-1840-4216-AB3D-150D4B5895D9}.Debug|iPhoneSimulator.ActiveCfg = Debug|Any CPU
		{E7A4E481-1840-4216-AB3D-150D4B5895D9}.Debug|iPhoneSimulator.Build.0 = Debug|Any CPU
		{E7A4E481-1840-4216-AB3D-150D4B5895D9}.Release|Any CPU.ActiveCfg = Release|Any CPU
		{E7A4E481-1840-4216-AB3D-150D4B5895D9}.Release|Any CPU.Build.0 = Release|Any CPU
		{E7A4E481-1840-4216-AB3D-150D4B5895D9}.Release|iPhone.ActiveCfg = Release|Any CPU
		{E7A4E481-1840-4216-AB3D-150D4B5895D9}.Release|iPhone.Build.0 = Release|Any CPU
		{E7A4E481-1840-4216-AB3D-150D4B5895D9}.Release|iPhoneSimulator.ActiveCfg = Release|Any CPU
		{E7A4E481-1840-4216-AB3D-150D4B5895D9}.Release|iPhoneSimulator.Build.0 = Release|Any CPU
	EndGlobalSection
	GlobalSection(SolutionProperties) = preSolution
		HideSolutionNode = FALSE
	EndGlobalSection
	GlobalSection(NestedProjects) = preSolution
		{E7A4E481-1840-4216-AB3D-150D4B5895D9} = {E158DD27-2928-46CA-BF7E-45632B236084}
	EndGlobalSection
	GlobalSection(ExtensibilityGlobals) = postSolution
		SolutionGuid = {3FCD1EBD-11AD-410D-8FE4-ACB4E26AABDE}
	EndGlobalSection
EndGlobal
